
Microsoft Visual Studio Solution File, Format Version 12.00
# Visual Studio 14
VisualStudioVersion = 14.0.24720.0
MinimumVisualStudioVersion = 10.0.40219.1
Project("{FAE04EC0-301F-11D3-BF4B-00C04F79EFBC}") = "TAClassifiedApplication", "TAClassifiedApplication\TAClassifiedApplication.csproj", "{AE6AD333-96F1-43F5-B7D8-56F3CABE0BAF}"
EndProject
Project("{FAE04EC0-301F-11D3-BF4B-00C04F79EFBC}") = "TAServiceLibrary", "TAServiceLibrary\TAServiceLibrary.csproj", "{D4CBCC6E-3571-4FC5-BD56-2012F9E95986}"
EndProject
Project("{FAE04EC0-301F-11D3-BF4B-00C04F79EFBC}") = "TAClassifiedLibrary", "TAClassifiedLibrary\TAClassifiedLibrary.csproj", "{FB63211C-5E46-437B-B477-E0D6498371A9}"
EndProject
Global
	GlobalSection(SolutionConfigurationPlatforms) = preSolution
		Debug|Any CPU = Debug|Any CPU
		Release|Any CPU = Release|Any CPU
	EndGlobalSection
	GlobalSection(ProjectConfigurationPlatforms) = postSolution
		{AE6AD333-96F1-43F5-B7D8-56F3CABE0BAF}.Debug|Any CPU.ActiveCfg = Debug|Any CPU
		{AE6AD333-96F1-43F5-B7D8-56F3CABE0BAF}.Debug|Any CPU.Build.0 = Debug|Any CPU
		{AE6AD333-96F1-43F5-B7D8-56F3CABE0BAF}.Release|Any CPU.ActiveCfg = Release|Any CPU
		{AE6AD333-96F1-43F5-B7D8-56F3CABE0BAF}.Release|Any CPU.Build.0 = Release|Any CPU
		{D4CBCC6E-3571-4FC5-BD56-2012F9E95986}.Debug|Any CPU.ActiveCfg = Debug|Any CPU
		{D4CBCC6E-3571-4FC5-BD56-2012F9E95986}.Debug|Any CPU.Build.0 = Debug|Any CPU
		{D4CBCC6E-3571-4FC5-BD56-2012F9E95986}.Release|Any CPU.ActiveCfg = Release|Any CPU
		{D4CBCC6E-3571-4FC5-BD56-2012F9E95986}.Release|Any CPU.Build.0 = Release|Any CPU
		{FB63211C-5E46-437B-B477-E0D6498371A9}.Debug|Any CPU.ActiveCfg = Debug|Any CPU
		{FB63211C-5E46-437B-B477-E0D6498371A9}.Debug|Any CPU.Build.0 = Debug|Any CPU
		{FB63211C-5E46-437B-B477-E0D6498371A9}.Release|Any CPU.ActiveCfg = Release|Any CPU
		{FB63211C-5E46-437B-B477-E0D6498371A9}.Release|Any CPU.Build.0 = Release|Any CPU
	EndGlobalSection
	GlobalSection(SolutionProperties) = preSolution
		HideSolutionNode = FALSE
	EndGlobalSection
EndGlobal
